
Microsoft Visual Studio Solution File, Format Version 12.00
# Visual Studio Version 17
Project("{2150E333-8FDC-42A3-9474-1A3956D46DE8}") = "CMakePredefinedTargets", "CMakePredefinedTargets", "{3607111A-5F32-3904-AAD5-D50D6472ECE5}"
EndProject
Project("{2150E333-8FDC-42A3-9474-1A3956D46DE8}") = "GLFW3", "GLFW3", "{714AB0A5-6302-3FA4-AE9E-C2FBB37A325B}"
EndProject
Project("{8BC9CEB8-8B4A-11D0-8D11-00A0C91BC942}") = "ALL_BUILD", "ALL_BUILD.vcxproj", "{B229D078-F848-3AAE-8075-4C9424842B23}"
	ProjectSection(ProjectDependencies) = postProject
		{764A50EB-803E-35E9-B99B-E0651ED9BD42} = {764A50EB-803E-35E9-B99B-E0651ED9BD42}
		{499C1F61-4657-3A4D-961C-06878CAD0CA2} = {499C1F61-4657-3A4D-961C-06878CAD0CA2}
		{E5CAB9EF-3D4C-3DA3-A8E0-D87ADF1575F6} = {E5CAB9EF-3D4C-3DA3-A8E0-D87ADF1575F6}
		{1E47D8AD-9CE6-3FD3-A912-EC2BA5AC2F65} = {1E47D8AD-9CE6-3FD3-A912-EC2BA5AC2F65}
	EndProjectSection
EndProject
Project("{8BC9CEB8-8B4A-11D0-8D11-00A0C91BC942}") = "INSTALL", "INSTALL.vcxproj", "{1DCE1531-FA74-37A9-8A9F-46F128E1CA6C}"
	ProjectSection(ProjectDependencies) = postProject
		{B229D078-F848-3AAE-8075-4C9424842B23} = {B229D078-F848-3AAE-8075-4C9424842B23}
		{499C1F61-4657-3A4D-961C-06878CAD0CA2} = {499C1F61-4657-3A4D-961C-06878CAD0CA2}
	EndProjectSection
EndProject
Project("{8BC9CEB8-8B4A-11D0-8D11-00A0C91BC942}") = "SDtrainDataPreprocessor", "SDtrainDataPreprocessor.vcxproj", "{764A50EB-803E-35E9-B99B-E0651ED9BD42}"
	ProjectSection(ProjectDependencies) = postProject
		{499C1F61-4657-3A4D-961C-06878CAD0CA2} = {499C1F61-4657-3A4D-961C-06878CAD0CA2}
		{1E47D8AD-9CE6-3FD3-A912-EC2BA5AC2F65} = {1E47D8AD-9CE6-3FD3-A912-EC2BA5AC2F65}
	EndProjectSection
EndProject
Project("{8BC9CEB8-8B4A-11D0-8D11-00A0C91BC942}") = "ZERO_CHECK", "ZERO_CHECK.vcxproj", "{499C1F61-4657-3A4D-961C-06878CAD0CA2}"
	ProjectSection(ProjectDependencies) = postProject
	EndProjectSection
EndProject
Project("{8BC9CEB8-8B4A-11D0-8D11-00A0C91BC942}") = "docs", "source\glfw-master\docs\docs.vcxproj", "{E5CAB9EF-3D4C-3DA3-A8E0-D87ADF1575F6}"
	ProjectSection(ProjectDependencies) = postProject
		{499C1F61-4657-3A4D-961C-06878CAD0CA2} = {499C1F61-4657-3A4D-961C-06878CAD0CA2}
	EndProjectSection
EndProject
Project("{8BC9CEB8-8B4A-11D0-8D11-00A0C91BC942}") = "glfw", "source\glfw-master\src\glfw.vcxproj", "{1E47D8AD-9CE6-3FD3-A912-EC2BA5AC2F65}"
	ProjectSection(ProjectDependencies) = postProject
		{499C1F61-4657-3A4D-961C-06878CAD0CA2} = {499C1F61-4657-3A4D-961C-06878CAD0CA2}
	EndProjectSection
EndProject
Project("{8BC9CEB8-8B4A-11D0-8D11-00A0C91BC942}") = "uninstall", "source\glfw-master\uninstall.vcxproj", "{4FBE589B-D774-32DB-B4AC-0B96ECFE4143}"
	ProjectSection(ProjectDependencies) = postProject
		{499C1F61-4657-3A4D-961C-06878CAD0CA2} = {499C1F61-4657-3A4D-961C-06878CAD0CA2}
	EndProjectSection
EndProject
Project("{8BC9CEB8-8B4A-11D0-8D11-00A0C91BC942}") = "update_mappings", "source\glfw-master\src\update_mappings.vcxproj", "{7F30CC6E-BB0A-3015-BCA0-16E64C122A35}"
	ProjectSection(ProjectDependencies) = postProject
		{499C1F61-4657-3A4D-961C-06878CAD0CA2} = {499C1F61-4657-3A4D-961C-06878CAD0CA2}
	EndProjectSection
EndProject
Global
	GlobalSection(SolutionConfigurationPlatforms) = preSolution
		Debug|x64 = Debug|x64
		Release|x64 = Release|x64
		MinSizeRel|x64 = MinSizeRel|x64
		RelWithDebInfo|x64 = RelWithDebInfo|x64
	EndGlobalSection
	GlobalSection(ProjectConfigurationPlatforms) = postSolution
		{B229D078-F848-3AAE-8075-4C9424842B23}.Debug|x64.ActiveCfg = Debug|x64
		{B229D078-F848-3AAE-8075-4C9424842B23}.Debug|x64.Build.0 = Debug|x64
		{B229D078-F848-3AAE-8075-4C9424842B23}.Release|x64.ActiveCfg = Release|x64
		{B229D078-F848-3AAE-8075-4C9424842B23}.Release|x64.Build.0 = Release|x64
		{B229D078-F848-3AAE-8075-4C9424842B23}.MinSizeRel|x64.ActiveCfg = MinSizeRel|x64
		{B229D078-F848-3AAE-8075-4C9424842B23}.MinSizeRel|x64.Build.0 = MinSizeRel|x64
		{B229D078-F848-3AAE-8075-4C9424842B23}.RelWithDebInfo|x64.ActiveCfg = RelWithDebInfo|x64
		{B229D078-F848-3AAE-8075-4C9424842B23}.RelWithDebInfo|x64.Build.0 = RelWithDebInfo|x64
		{1DCE1531-FA74-37A9-8A9F-46F128E1CA6C}.Debug|x64.ActiveCfg = Debug|x64
		{1DCE1531-FA74-37A9-8A9F-46F128E1CA6C}.Release|x64.ActiveCfg = Release|x64
		{1DCE1531-FA74-37A9-8A9F-46F128E1CA6C}.MinSizeRel|x64.ActiveCfg = MinSizeRel|x64
		{1DCE1531-FA74-37A9-8A9F-46F128E1CA6C}.RelWithDebInfo|x64.ActiveCfg = RelWithDebInfo|x64
		{764A50EB-803E-35E9-B99B-E0651ED9BD42}.Debug|x64.ActiveCfg = Debug|x64
		{764A50EB-803E-35E9-B99B-E0651ED9BD42}.Debug|x64.Build.0 = Debug|x64
		{764A50EB-803E-35E9-B99B-E0651ED9BD42}.Release|x64.ActiveCfg = Release|x64
		{764A50EB-803E-35E9-B99B-E0651ED9BD42}.Release|x64.Build.0 = Release|x64
		{764A50EB-803E-35E9-B99B-E0651ED9BD42}.MinSizeRel|x64.ActiveCfg = MinSizeRel|x64
		{764A50EB-803E-35E9-B99B-E0651ED9BD42}.MinSizeRel|x64.Build.0 = MinSizeRel|x64
		{764A50EB-803E-35E9-B99B-E0651ED9BD42}.RelWithDebInfo|x64.ActiveCfg = RelWithDebInfo|x64
		{764A50EB-803E-35E9-B99B-E0651ED9BD42}.RelWithDebInfo|x64.Build.0 = RelWithDebInfo|x64
		{499C1F61-4657-3A4D-961C-06878CAD0CA2}.Debug|x64.ActiveCfg = Debug|x64
		{499C1F61-4657-3A4D-961C-06878CAD0CA2}.Debug|x64.Build.0 = Debug|x64
		{499C1F61-4657-3A4D-961C-06878CAD0CA2}.Release|x64.ActiveCfg = Release|x64
		{499C1F61-4657-3A4D-961C-06878CAD0CA2}.Release|x64.Build.0 = Release|x64
		{499C1F61-4657-3A4D-961C-06878CAD0CA2}.MinSizeRel|x64.ActiveCfg = MinSizeRel|x64
		{499C1F61-4657-3A4D-961C-06878CAD0CA2}.MinSizeRel|x64.Build.0 = MinSizeRel|x64
		{499C1F61-4657-3A4D-961C-06878CAD0CA2}.RelWithDebInfo|x64.ActiveCfg = RelWithDebInfo|x64
		{499C1F61-4657-3A4D-961C-06878CAD0CA2}.RelWithDebInfo|x64.Build.0 = RelWithDebInfo|x64
		{E5CAB9EF-3D4C-3DA3-A8E0-D87ADF1575F6}.Debug|x64.ActiveCfg = Debug|x64
		{E5CAB9EF-3D4C-3DA3-A8E0-D87ADF1575F6}.Debug|x64.Build.0 = Debug|x64
		{E5CAB9EF-3D4C-3DA3-A8E0-D87ADF1575F6}.Release|x64.ActiveCfg = Release|x64
		{E5CAB9EF-3D4C-3DA3-A8E0-D87ADF1575F6}.Release|x64.Build.0 = Release|x64
		{E5CAB9EF-3D4C-3DA3-A8E0-D87ADF1575F6}.MinSizeRel|x64.ActiveCfg = MinSizeRel|x64
		{E5CAB9EF-3D4C-3DA3-A8E0-D87ADF1575F6}.MinSizeRel|x64.Build.0 = MinSizeRel|x64
		{E5CAB9EF-3D4C-3DA3-A8E0-D87ADF1575F6}.RelWithDebInfo|x64.ActiveCfg = RelWithDebInfo|x64
		{E5CAB9EF-3D4C-3DA3-A8E0-D87ADF1575F6}.RelWithDebInfo|x64.Build.0 = RelWithDebInfo|x64
		{1E47D8AD-9CE6-3FD3-A912-EC2BA5AC2F65}.Debug|x64.ActiveCfg = Debug|x64
		{1E47D8AD-9CE6-3FD3-A912-EC2BA5AC2F65}.Debug|x64.Build.0 = Debug|x64
		{1E47D8AD-9CE6-3FD3-A912-EC2BA5AC2F65}.Release|x64.ActiveCfg = Release|x64
		{1E47D8AD-9CE6-3FD3-A912-EC2BA5AC2F65}.Release|x64.Build.0 = Release|x64
		{1E47D8AD-9CE6-3FD3-A912-EC2BA5AC2F65}.MinSizeRel|x64.ActiveCfg = MinSizeRel|x64
		{1E47D8AD-9CE6-3FD3-A912-EC2BA5AC2F65}.MinSizeRel|x64.Build.0 = MinSizeRel|x64
		{1E47D8AD-9CE6-3FD3-A912-EC2BA5AC2F65}.RelWithDebInfo|x64.ActiveCfg = RelWithDebInfo|x64
		{1E47D8AD-9CE6-3FD3-A912-EC2BA5AC2F65}.RelWithDebInfo|x64.Build.0 = RelWithDebInfo|x64
		{4FBE589B-D774-32DB-B4AC-0B96ECFE4143}.Debug|x64.ActiveCfg = Debug|x64
		{4FBE589B-D774-32DB-B4AC-0B96ECFE4143}.Release|x64.ActiveCfg = Release|x64
		{4FBE589B-D774-32DB-B4AC-0B96ECFE4143}.MinSizeRel|x64.ActiveCfg = MinSizeRel|x64
		{4FBE589B-D774-32DB-B4AC-0B96ECFE4143}.RelWithDebInfo|x64.ActiveCfg = RelWithDebInfo|x64
		{7F30CC6E-BB0A-3015-BCA0-16E64C122A35}.Debug|x64.ActiveCfg = Debug|x64
		{7F30CC6E-BB0A-3015-BCA0-16E64C122A35}.Release|x64.ActiveCfg = Release|x64
		{7F30CC6E-BB0A-3015-BCA0-16E64C122A35}.MinSizeRel|x64.ActiveCfg = MinSizeRel|x64
		{7F30CC6E-BB0A-3015-BCA0-16E64C122A35}.RelWithDebInfo|x64.ActiveCfg = RelWithDebInfo|x64
	EndGlobalSection
	GlobalSection(NestedProjects) = preSolution
		{B229D078-F848-3AAE-8075-4C9424842B23} = {3607111A-5F32-3904-AAD5-D50D6472ECE5}
		{1DCE1531-FA74-37A9-8A9F-46F128E1CA6C} = {3607111A-5F32-3904-AAD5-D50D6472ECE5}
		{499C1F61-4657-3A4D-961C-06878CAD0CA2} = {3607111A-5F32-3904-AAD5-D50D6472ECE5}
		{E5CAB9EF-3D4C-3DA3-A8E0-D87ADF1575F6} = {714AB0A5-6302-3FA4-AE9E-C2FBB37A325B}
		{1E47D8AD-9CE6-3FD3-A912-EC2BA5AC2F65} = {714AB0A5-6302-3FA4-AE9E-C2FBB37A325B}
		{4FBE589B-D774-32DB-B4AC-0B96ECFE4143} = {714AB0A5-6302-3FA4-AE9E-C2FBB37A325B}
		{7F30CC6E-BB0A-3015-BCA0-16E64C122A35} = {714AB0A5-6302-3FA4-AE9E-C2FBB37A325B}
	EndGlobalSection
	GlobalSection(ExtensibilityGlobals) = postSolution
		SolutionGuid = {A8B10490-1A5F-311A-9C4F-5F8E1DE57E53}
	EndGlobalSection
	GlobalSection(ExtensibilityAddIns) = postSolution
	EndGlobalSection
EndGlobal
